
Microsoft Visual Studio Solution File, Format Version 12.00
# Visual Studio Version 17
VisualStudioVersion = 17.14.36511.14
MinimumVisualStudioVersion = 10.0.40219.1
Project("{8BC9CEB8-8B4A-11D0-8D11-00A0C91BC942}") = "Draugths", "Draugths.vcxproj", "{8728B8E7-694A-4666-8A84-F680477EE813}"
EndProject
Project("{8BC9CEB8-8B4A-11D0-8D11-00A0C91BC942}") = "GTests", "GTests\GTests.vcxproj", "{394ED377-AD93-4B04-AF5F-6132A65AAE3B}"
EndProject
Global
	GlobalSection(SolutionConfigurationPlatforms) = preSolution
		Debug|x64 = Debug|x64
		Debug|x86 = Debug|x86
		Release|x64 = Release|x64
		Release|x86 = Release|x86
	EndGlobalSection
	GlobalSection(ProjectConfigurationPlatforms) = postSolution
		{8728B8E7-694A-4666-8A84-F680477EE813}.Debug|x64.ActiveCfg = Debug|x64
		{8728B8E7-694A-4666-8A84-F680477EE813}.Debug|x64.Build.0 = Debug|x64
		{8728B8E7-694A-4666-8A84-F680477EE813}.Debug|x86.ActiveCfg = Debug|Win32
		{8728B8E7-694A-4666-8A84-F680477EE813}.Debug|x86.Build.0 = Debug|Win32
		{8728B8E7-694A-4666-8A84-F680477EE813}.Release|x64.ActiveCfg = Release|x64
		{8728B8E7-694A-4666-8A84-F680477EE813}.Release|x64.Build.0 = Release|x64
		{8728B8E7-694A-4666-8A84-F680477EE813}.Release|x86.ActiveCfg = Release|Win32
		{8728B8E7-694A-4666-8A84-F680477EE813}.Release|x86.Build.0 = Release|Win32
		{394ED377-AD93-4B04-AF5F-6132A65AAE3B}.Debug|x64.ActiveCfg = Debug|x64
		{394ED377-AD93-4B04-AF5F-6132A65AAE3B}.Debug|x64.Build.0 = Debug|x64
		{394ED377-AD93-4B04-AF5F-6132A65AAE3B}.Debug|x86.ActiveCfg = Debug|Win32
		{394ED377-AD93-4B04-AF5F-6132A65AAE3B}.Debug|x86.Build.0 = Debug|Win32
		{394ED377-AD93-4B04-AF5F-6132A65AAE3B}.Release|x64.ActiveCfg = Release|x64
		{394ED377-AD93-4B04-AF5F-6132A65AAE3B}.Release|x64.Build.0 = Release|x64
		{394ED377-AD93-4B04-AF5F-6132A65AAE3B}.Release|x86.ActiveCfg = Release|Win32
		{394ED377-AD93-4B04-AF5F-6132A65AAE3B}.Release|x86.Build.0 = Release|Win32
	EndGlobalSection
	GlobalSection(SolutionProperties) = preSolution
		HideSolutionNode = FALSE
	EndGlobalSection
	GlobalSection(ExtensibilityGlobals) = postSolution
		SolutionGuid = {FC0AF4E1-F8C6-43C1-B0CC-52CCC3885F09}
	EndGlobalSection
EndGlobal
